
Microsoft Visual Studio Solution File, Format Version 12.00
# Visual Studio Version 16
VisualStudioVersion = 16.0.31004.235
MinimumVisualStudioVersion = 10.0.40219.1
Project("{9A19103F-16F7-4668-BE54-9A1E7A4F7556}") = "MAD.XamarinForms.Coordinates", "MAD.XamarinForms.Coordinates\MAD.XamarinForms.Coordinates.csproj", "{2E993CC5-D814-4C71-B9B9-68715940E7F8}"
EndProject
Project("{2150E333-8FDC-42A3-9474-1A3956D46DE8}") = "Tests", "Tests", "{FC2D7039-0E3A-4571-9E89-4312786A8C5D}"
EndProject
Project("{FAE04EC0-301F-11D3-BF4B-00C04F79EFBC}") = "MAD.XamarinForms.Coordinates.TestApp.UWP", "MAD.XamarinForms.Coordinates.TestApp\MAD.XamarinForms.Coordinates.TestApp.UWP\MAD.XamarinForms.Coordinates.TestApp.UWP.csproj", "{22B46DDB-D19D-4BDD-BF7A-B5D40E8753FD}"
EndProject
Project("{FAE04EC0-301F-11D3-BF4B-00C04F79EFBC}") = "MAD.XamarinForms.Coordinates.TestApp.Android", "MAD.XamarinForms.Coordinates.TestApp\MAD.XamarinForms.Coordinates.TestApp.Android\MAD.XamarinForms.Coordinates.TestApp.Android.csproj", "{6461932B-D91F-4200-9233-C4BBDC64F5D6}"
EndProject
Project("{FAE04EC0-301F-11D3-BF4B-00C04F79EFBC}") = "MAD.XamarinForms.Coordinates.TestApp.iOS", "MAD.XamarinForms.Coordinates.TestApp\MAD.XamarinForms.Coordinates.TestApp.iOS\MAD.XamarinForms.Coordinates.TestApp.iOS.csproj", "{5ED6E67C-CBA9-436F-8CAE-1223A4B914C4}"
EndProject
Project("{FAE04EC0-301F-11D3-BF4B-00C04F79EFBC}") = "MAD.XamarinForms.Coordinates.TestApp", "MAD.XamarinForms.Coordinates.TestApp\MAD.XamarinForms.Coordinates.TestApp\MAD.XamarinForms.Coordinates.TestApp.csproj", "{691AF3A4-9B22-4188-9E86-6B125DE040F0}"
EndProject
Global
	GlobalSection(SolutionConfigurationPlatforms) = preSolution
		Debug|Any CPU = Debug|Any CPU
		Debug|ARM = Debug|ARM
		Debug|iPhone = Debug|iPhone
		Debug|iPhoneSimulator = Debug|iPhoneSimulator
		Debug|x64 = Debug|x64
		Debug|x86 = Debug|x86
		Release|Any CPU = Release|Any CPU
		Release|ARM = Release|ARM
		Release|iPhone = Release|iPhone
		Release|iPhoneSimulator = Release|iPhoneSimulator
		Release|x64 = Release|x64
		Release|x86 = Release|x86
	EndGlobalSection
	GlobalSection(ProjectConfigurationPlatforms) = postSolution
		{2E993CC5-D814-4C71-B9B9-68715940E7F8}.Debug|Any CPU.ActiveCfg = Debug|Any CPU
		{2E993CC5-D814-4C71-B9B9-68715940E7F8}.Debug|Any CPU.Build.0 = Debug|Any CPU
		{2E993CC5-D814-4C71-B9B9-68715940E7F8}.Debug|ARM.ActiveCfg = Debug|Any CPU
		{2E993CC5-D814-4C71-B9B9-68715940E7F8}.Debug|ARM.Build.0 = Debug|Any CPU
		{2E993CC5-D814-4C71-B9B9-68715940E7F8}.Debug|iPhone.ActiveCfg = Debug|Any CPU
		{2E993CC5-D814-4C71-B9B9-68715940E7F8}.Debug|iPhone.Build.0 = Debug|Any CPU
		{2E993CC5-D814-4C71-B9B9-68715940E7F8}.Debug|iPhoneSimulator.ActiveCfg = Debug|Any CPU
		{2E993CC5-D814-4C71-B9B9-68715940E7F8}.Debug|iPhoneSimulator.Build.0 = Debug|Any CPU
		{2E993CC5-D814-4C71-B9B9-68715940E7F8}.Debug|x64.ActiveCfg = Debug|Any CPU
		{2E993CC5-D814-4C71-B9B9-68715940E7F8}.Debug|x64.Build.0 = Debug|Any CPU
		{2E993CC5-D814-4C71-B9B9-68715940E7F8}.Debug|x86.ActiveCfg = Debug|Any CPU
		{2E993CC5-D814-4C71-B9B9-68715940E7F8}.Debug|x86.Build.0 = Debug|Any CPU
		{2E993CC5-D814-4C71-B9B9-68715940E7F8}.Release|Any CPU.ActiveCfg = Release|Any CPU
		{2E993CC5-D814-4C71-B9B9-68715940E7F8}.Release|Any CPU.Build.0 = Release|Any CPU
		{2E993CC5-D814-4C71-B9B9-68715940E7F8}.Release|ARM.ActiveCfg = Release|Any CPU
		{2E993CC5-D814-4C71-B9B9-68715940E7F8}.Release|ARM.Build.0 = Release|Any CPU
		{2E993CC5-D814-4C71-B9B9-68715940E7F8}.Release|iPhone.ActiveCfg = Release|Any CPU
		{2E993CC5-D814-4C71-B9B9-68715940E7F8}.Release|iPhone.Build.0 = Release|Any CPU
		{2E993CC5-D814-4C71-B9B9-68715940E7F8}.Release|iPhoneSimulator.ActiveCfg = Release|Any CPU
		{2E993CC5-D814-4C71-B9B9-68715940E7F8}.Release|iPhoneSimulator.Build.0 = Release|Any CPU
		{2E993CC5-D814-4C71-B9B9-68715940E7F8}.Release|x64.ActiveCfg = Release|Any CPU
		{2E993CC5-D814-4C71-B9B9-68715940E7F8}.Release|x64.Build.0 = Release|Any CPU
		{2E993CC5-D814-4C71-B9B9-68715940E7F8}.Release|x86.ActiveCfg = Release|Any CPU
		{2E993CC5-D814-4C71-B9B9-68715940E7F8}.Release|x86.Build.0 = Release|Any CPU
		{22B46DDB-D19D-4BDD-BF7A-B5D40E8753FD}.Debug|Any CPU.ActiveCfg = Debug|x86
		{22B46DDB-D19D-4BDD-BF7A-B5D40E8753FD}.Debug|ARM.ActiveCfg = Debug|ARM
		{22B46DDB-D19D-4BDD-BF7A-B5D40E8753FD}.Debug|ARM.Build.0 = Debug|ARM
		{22B46DDB-D19D-4BDD-BF7A-B5D40E8753FD}.Debug|ARM.Deploy.0 = Debug|ARM
		{22B46DDB-D19D-4BDD-BF7A-B5D40E8753FD}.Debug|iPhone.ActiveCfg = Debug|x86
		{22B46DDB-D19D-4BDD-BF7A-B5D40E8753FD}.Debug|iPhoneSimulator.ActiveCfg = Debug|x86
		{22B46DDB-D19D-4BDD-BF7A-B5D40E8753FD}.Debug|x64.ActiveCfg = Debug|x64
		{22B46DDB-D19D-4BDD-BF7A-B5D40E8753FD}.Debug|x64.Build.0 = Debug|x64
		{22B46DDB-D19D-4BDD-BF7A-B5D40E8753FD}.Debug|x64.Deploy.0 = Debug|x64
		{22B46DDB-D19D-4BDD-BF7A-B5D40E8753FD}.Debug|x86.ActiveCfg = Debug|x86
		{22B46DDB-D19D-4BDD-BF7A-B5D40E8753FD}.Debug|x86.Build.0 = Debug|x86
		{22B46DDB-D19D-4BDD-BF7A-B5D40E8753FD}.Debug|x86.Deploy.0 = Debug|x86
		{22B46DDB-D19D-4BDD-BF7A-B5D40E8753FD}.Release|Any CPU.ActiveCfg = Release|x86
		{22B46DDB-D19D-4BDD-BF7A-B5D40E8753FD}.Release|ARM.ActiveCfg = Release|ARM
		{22B46DDB-D19D-4BDD-BF7A-B5D40E8753FD}.Release|ARM.Build.0 = Release|ARM
		{22B46DDB-D19D-4BDD-BF7A-B5D40E8753FD}.Release|ARM.Deploy.0 = Release|ARM
		{22B46DDB-D19D-4BDD-BF7A-B5D40E8753FD}.Release|iPhone.ActiveCfg = Release|x86
		{22B46DDB-D19D-4BDD-BF7A-B5D40E8753FD}.Release|iPhoneSimulator.ActiveCfg = Release|x86
		{22B46DDB-D19D-4BDD-BF7A-B5D40E8753FD}.Release|x64.ActiveCfg = Release|x64
		{22B46DDB-D19D-4BDD-BF7A-B5D40E8753FD}.Release|x64.Build.0 = Release|x64
		{22B46DDB-D19D-4BDD-BF7A-B5D40E8753FD}.Release|x64.Deploy.0 = Release|x64
		{22B46DDB-D19D-4BDD-BF7A-B5D40E8753FD}.Release|x86.ActiveCfg = Release|x86
		{22B46DDB-D19D-4BDD-BF7A-B5D40E8753FD}.Release|x86.Build.0 = Release|x86
		{22B46DDB-D19D-4BDD-BF7A-B5D40E8753FD}.Release|x86.Deploy.0 = Release|x86
		{6461932B-D91F-4200-9233-C4BBDC64F5D6}.Debug|Any CPU.ActiveCfg = Debug|Any CPU
		{6461932B-D91F-4200-9233-C4BBDC64F5D6}.Debug|Any CPU.Build.0 = Debug|Any CPU
		{6461932B-D91F-4200-9233-C4BBDC64F5D6}.Debug|Any CPU.Deploy.0 = Debug|Any CPU
		{6461932B-D91F-4200-9233-C4BBDC64F5D6}.Debug|ARM.ActiveCfg = Debug|Any CPU
		{6461932B-D91F-4200-9233-C4BBDC64F5D6}.Debug|ARM.Build.0 = Debug|Any CPU
		{6461932B-D91F-4200-9233-C4BBDC64F5D6}.Debug|ARM.Deploy.0 = Debug|Any CPU
		{6461932B-D91F-4200-9233-C4BBDC64F5D6}.Debug|iPhone.ActiveCfg = Debug|Any CPU
		{6461932B-D91F-4200-9233-C4BBDC64F5D6}.Debug|iPhone.Build.0 = Debug|Any CPU
		{6461932B-D91F-4200-9233-C4BBDC64F5D6}.Debug|iPhone.Deploy.0 = Debug|Any CPU
		{6461932B-D91F-4200-9233-C4BBDC64F5D6}.Debug|iPhoneSimulator.ActiveCfg = Debug|Any CPU
		{6461932B-D91F-4200-9233-C4BBDC64F5D6}.Debug|iPhoneSimulator.Build.0 = Debug|Any CPU
		{6461932B-D91F-4200-9233-C4BBDC64F5D6}.Debug|iPhoneSimulator.Deploy.0 = Debug|Any CPU
		{6461932B-D91F-4200-9233-C4BBDC64F5D6}.Debug|x64.ActiveCfg = Debug|Any CPU
		{6461932B-D91F-4200-9233-C4BBDC64F5D6}.Debug|x64.Build.0 = Debug|Any CPU
		{6461932B-D91F-4200-9233-C4BBDC64F5D6}.Debug|x64.Deploy.0 = Debug|Any CPU
		{6461932B-D91F-4200-9233-C4BBDC64F5D6}.Debug|x86.ActiveCfg = Debug|Any CPU
		{6461932B-D91F-4200-9233-C4BBDC64F5D6}.Debug|x86.Build.0 = Debug|Any CPU
		{6461932B-D91F-4200-9233-C4BBDC64F5D6}.Debug|x86.Deploy.0 = Debug|Any CPU
		{6461932B-D91F-4200-9233-C4BBDC64F5D6}.Release|Any CPU.ActiveCfg = Release|Any CPU
		{6461932B-D91F-4200-9233-C4BBDC64F5D6}.Release|Any CPU.Build.0 = Release|Any CPU
		{6461932B-D91F-4200-9233-C4BBDC64F5D6}.Release|Any CPU.Deploy.0 = Release|Any CPU
		{6461932B-D91F-4200-9233-C4BBDC64F5D6}.Release|ARM.ActiveCfg = Release|Any CPU
		{6461932B-D91F-4200-9233-C4BBDC64F5D6}.Release|ARM.Build.0 = Release|Any CPU
		{6461932B-D91F-4200-9233-C4BBDC64F5D6}.Release|ARM.Deploy.0 = Release|Any CPU
		{6461932B-D91F-4200-9233-C4BBDC64F5D6}.Release|iPhone.ActiveCfg = Release|Any CPU
		{6461932B-D91F-4200-9233-C4BBDC64F5D6}.Release|iPhone.Build.0 = Release|Any CPU
		{6461932B-D91F-4200-9233-C4BBDC64F5D6}.Release|iPhone.Deploy.0 = Release|Any CPU
		{6461932B-D91F-4200-9233-C4BBDC64F5D6}.Release|iPhoneSimulator.ActiveCfg = Release|Any CPU
		{6461932B-D91F-4200-9233-C4BBDC64F5D6}.Release|iPhoneSimulator.Build.0 = Release|Any CPU
		{6461932B-D91F-4200-9233-C4BBDC64F5D6}.Release|iPhoneSimulator.Deploy.0 = Release|Any CPU
		{6461932B-D91F-4200-9233-C4BBDC64F5D6}.Release|x64.ActiveCfg = Release|Any CPU
		{6461932B-D91F-4200-9233-C4BBDC64F5D6}.Release|x64.Build.0 = Release|Any CPU
		{6461932B-D91F-4200-9233-C4BBDC64F5D6}.Release|x64.Deploy.0 = Release|Any CPU
		{6461932B-D91F-4200-9233-C4BBDC64F5D6}.Release|x86.ActiveCfg = Release|Any CPU
		{6461932B-D91F-4200-9233-C4BBDC64F5D6}.Release|x86.Build.0 = Release|Any CPU
		{6461932B-D91F-4200-9233-C4BBDC64F5D6}.Release|x86.Deploy.0 = Release|Any CPU
		{5ED6E67C-CBA9-436F-8CAE-1223A4B914C4}.Debug|Any CPU.ActiveCfg = Debug|iPhoneSimulator
		{5ED6E67C-CBA9-436F-8CAE-1223A4B914C4}.Debug|ARM.ActiveCfg = Debug|iPhoneSimulator
		{5ED6E67C-CBA9-436F-8CAE-1223A4B914C4}.Debug|iPhone.ActiveCfg = Debug|iPhone
		{5ED6E67C-CBA9-436F-8CAE-1223A4B914C4}.Debug|iPhone.Build.0 = Debug|iPhone
		{5ED6E67C-CBA9-436F-8CAE-1223A4B914C4}.Debug|iPhoneSimulator.ActiveCfg = Debug|iPhoneSimulator
		{5ED6E67C-CBA9-436F-8CAE-1223A4B914C4}.Debug|iPhoneSimulator.Build.0 = Debug|iPhoneSimulator
		{5ED6E67C-CBA9-436F-8CAE-1223A4B914C4}.Debug|x64.ActiveCfg = Debug|iPhoneSimulator
		{5ED6E67C-CBA9-436F-8CAE-1223A4B914C4}.Debug|x86.ActiveCfg = Debug|iPhoneSimulator
		{5ED6E67C-CBA9-436F-8CAE-1223A4B914C4}.Release|Any CPU.ActiveCfg = Release|iPhoneSimulator
		{5ED6E67C-CBA9-436F-8CAE-1223A4B914C4}.Release|ARM.ActiveCfg = Release|iPhoneSimulator
		{5ED6E67C-CBA9-436F-8CAE-1223A4B914C4}.Release|iPhone.ActiveCfg = Release|iPhone
		{5ED6E67C-CBA9-436F-8CAE-1223A4B914C4}.Release|iPhone.Build.0 = Release|iPhone
		{5ED6E67C-CBA9-436F-8CAE-1223A4B914C4}.Release|iPhoneSimulator.ActiveCfg = Release|iPhoneSimulator
		{5ED6E67C-CBA9-436F-8CAE-1223A4B914C4}.Release|iPhoneSimulator.Build.0 = Release|iPhoneSimulator
		{5ED6E67C-CBA9-436F-8CAE-1223A4B914C4}.Release|x64.ActiveCfg = Release|iPhoneSimulator
		{5ED6E67C-CBA9-436F-8CAE-1223A4B914C4}.Release|x86.ActiveCfg = Release|iPhoneSimulator
		{691AF3A4-9B22-4188-9E86-6B125DE040F0}.Debug|Any CPU.ActiveCfg = Debug|Any CPU
		{691AF3A4-9B22-4188-9E86-6B125DE040F0}.Debug|Any CPU.Build.0 = Debug|Any CPU
		{691AF3A4-9B22-4188-9E86-6B125DE040F0}.Debug|ARM.ActiveCfg = Debug|Any CPU
		{691AF3A4-9B22-4188-9E86-6B125DE040F0}.Debug|ARM.Build.0 = Debug|Any CPU
		{691AF3A4-9B22-4188-9E86-6B125DE040F0}.Debug|iPhone.ActiveCfg = Debug|Any CPU
		{691AF3A4-9B22-4188-9E86-6B125DE040F0}.Debug|iPhone.Build.0 = Debug|Any CPU
		{691AF3A4-9B22-4188-9E86-6B125DE040F0}.Debug|iPhoneSimulator.ActiveCfg = Debug|Any CPU
		{691AF3A4-9B22-4188-9E86-6B125DE040F0}.Debug|iPhoneSimulator.Build.0 = Debug|Any CPU
		{691AF3A4-9B22-4188-9E86-6B125DE040F0}.Debug|x64.ActiveCfg = Debug|Any CPU
		{691AF3A4-9B22-4188-9E86-6B125DE040F0}.Debug|x64.Build.0 = Debug|Any CPU
		{691AF3A4-9B22-4188-9E86-6B125DE040F0}.Debug|x86.ActiveCfg = Debug|Any CPU
		{691AF3A4-9B22-4188-9E86-6B125DE040F0}.Debug|x86.Build.0 = Debug|Any CPU
		{691AF3A4-9B22-4188-9E86-6B125DE040F0}.Release|Any CPU.ActiveCfg = Release|Any CPU
		{691AF3A4-9B22-4188-9E86-6B125DE040F0}.Release|Any CPU.Build.0 = Release|Any CPU
		{691AF3A4-9B22-4188-9E86-6B125DE040F0}.Release|ARM.ActiveCfg = Release|Any CPU
		{691AF3A4-9B22-4188-9E86-6B125DE040F0}.Release|ARM.Build.0 = Release|Any CPU
		{691AF3A4-9B22-4188-9E86-6B125DE040F0}.Release|iPhone.ActiveCfg = Release|Any CPU
		{691AF3A4-9B22-4188-9E86-6B125DE040F0}.Release|iPhone.Build.0 = Release|Any CPU
		{691AF3A4-9B22-4188-9E86-6B125DE040F0}.Release|iPhoneSimulator.ActiveCfg = Release|Any CPU
		{691AF3A4-9B22-4188-9E86-6B125DE040F0}.Release|iPhoneSimulator.Build.0 = Release|Any CPU
		{691AF3A4-9B22-4188-9E86-6B125DE040F0}.Release|x64.ActiveCfg = Release|Any CPU
		{691AF3A4-9B22-4188-9E86-6B125DE040F0}.Release|x64.Build.0 = Release|Any CPU
		{691AF3A4-9B22-4188-9E86-6B125DE040F0}.Release|x86.ActiveCfg = Release|Any CPU
		{691AF3A4-9B22-4188-9E86-6B125DE040F0}.Release|x86.Build.0 = Release|Any CPU
	EndGlobalSection
	GlobalSection(SolutionProperties) = preSolution
		HideSolutionNode = FALSE
	EndGlobalSection
	GlobalSection(NestedProjects) = preSolution
		{22B46DDB-D19D-4BDD-BF7A-B5D40E8753FD} = {FC2D7039-0E3A-4571-9E89-4312786A8C5D}
		{6461932B-D91F-4200-9233-C4BBDC64F5D6} = {FC2D7039-0E3A-4571-9E89-4312786A8C5D}
		{5ED6E67C-CBA9-436F-8CAE-1223A4B914C4} = {FC2D7039-0E3A-4571-9E89-4312786A8C5D}
		{691AF3A4-9B22-4188-9E86-6B125DE040F0} = {FC2D7039-0E3A-4571-9E89-4312786A8C5D}
	EndGlobalSection
	GlobalSection(ExtensibilityGlobals) = postSolution
		SolutionGuid = {B380487E-D20D-45B4-848C-5229A4F81078}
	EndGlobalSection
EndGlobal
